
Microsoft Visual Studio Solution File, Format Version 12.00
# Visual Studio 2012
Project("{FAE04EC0-301F-11D3-BF4B-00C04F79EFBC}") = "Products", "Products\Products.csproj", "{CCE1BB6C-8E82-49B0-9C68-21829578D809}"
EndProject
Global
	GlobalSection(SolutionConfigurationPlatforms) = preSolution
		Debug|Any CPU = Debug|Any CPU
		Release|Any CPU = Release|Any CPU
	EndGlobalSection
	GlobalSection(ProjectConfigurationPlatforms) = postSolution
		{CCE1BB6C-8E82-49B0-9C68-21829578D809}.Debug|Any CPU.ActiveCfg = Debug|Any CPU
		{CCE1BB6C-8E82-49B0-9C68-21829578D809}.Debug|Any CPU.Build.0 = Debug|Any CPU
		{CCE1BB6C-8E82-49B0-9C68-21829578D809}.Release|Any CPU.ActiveCfg = Release|Any CPU
		{CCE1BB6C-8E82-49B0-9C68-21829578D809}.Release|Any CPU.Build.0 = Release|Any CPU
	EndGlobalSection
EndGlobal
